
Microsoft Visual Studio Solution File, Format Version 12.00
# Visual Studio Version 16
VisualStudioVersion = 16.0.31424.327
MinimumVisualStudioVersion = 10.0.40219.1
Project("{FAE04EC0-301F-11D3-BF4B-00C04F79EFBC}") = "SuperShopManagementSystemFinalized", "SuperShopManagementSystemFinalized.csproj", "{89FC0804-D41D-4B01-8A62-9968BCCE810A}"
EndProject
Global
	GlobalSection(SolutionConfigurationPlatforms) = preSolution
		Debug|Any CPU = Debug|Any CPU
		Release|Any CPU = Release|Any CPU
	EndGlobalSection
	GlobalSection(ProjectConfigurationPlatforms) = postSolution
		{89FC0804-D41D-4B01-8A62-9968BCCE810A}.Debug|Any CPU.ActiveCfg = Debug|Any CPU
		{89FC0804-D41D-4B01-8A62-9968BCCE810A}.Debug|Any CPU.Build.0 = Debug|Any CPU
		{89FC0804-D41D-4B01-8A62-9968BCCE810A}.Release|Any CPU.ActiveCfg = Release|Any CPU
		{89FC0804-D41D-4B01-8A62-9968BCCE810A}.Release|Any CPU.Build.0 = Release|Any CPU
	EndGlobalSection
	GlobalSection(SolutionProperties) = preSolution
		HideSolutionNode = FALSE
	EndGlobalSection
	GlobalSection(ExtensibilityGlobals) = postSolution
		SolutionGuid = {FC5EE607-7EFD-4BA0-B1EA-A5E3C48E70FD}
	EndGlobalSection
EndGlobal
